
Microsoft Visual Studio Solution File, Format Version 12.00
# Visual Studio Version 16
VisualStudioVersion = 16.0.30413.136
MinimumVisualStudioVersion = 10.0.40219.1
Project("{FAE04EC0-301F-11D3-BF4B-00C04F79EFBC}") = "Прога для подсчета", "Прога для подсчета\Прога для подсчета.csproj", "{5B621A25-F1E5-4217-9DA5-4439143356CE}"
EndProject
Global
	GlobalSection(SolutionConfigurationPlatforms) = preSolution
		Debug|Any CPU = Debug|Any CPU
		Release|Any CPU = Release|Any CPU
	EndGlobalSection
	GlobalSection(ProjectConfigurationPlatforms) = postSolution
		{5B621A25-F1E5-4217-9DA5-4439143356CE}.Debug|Any CPU.ActiveCfg = Debug|Any CPU
		{5B621A25-F1E5-4217-9DA5-4439143356CE}.Debug|Any CPU.Build.0 = Debug|Any CPU
		{5B621A25-F1E5-4217-9DA5-4439143356CE}.Release|Any CPU.ActiveCfg = Release|Any CPU
		{5B621A25-F1E5-4217-9DA5-4439143356CE}.Release|Any CPU.Build.0 = Release|Any CPU
	EndGlobalSection
	GlobalSection(SolutionProperties) = preSolution
		HideSolutionNode = FALSE
	EndGlobalSection
	GlobalSection(ExtensibilityGlobals) = postSolution
		SolutionGuid = {207986C9-1606-4A82-9FBF-7206BA9C1DB0}
	EndGlobalSection
EndGlobal
